
Microsoft Visual Studio Solution File, Format Version 12.00
# Visual Studio Version 17
VisualStudioVersion = 17.3.32922.545
MinimumVisualStudioVersion = 10.0.40219.1
Project("{FAE04EC0-301F-11D3-BF4B-00C04F79EFBC}") = "lab01p03", "lab01p03\lab01p03.csproj", "{EF8753FB-F181-49F3-BB29-FA9EA6CEC297}"
EndProject
Global
	GlobalSection(SolutionConfigurationPlatforms) = preSolution
		Debug|Any CPU = Debug|Any CPU
		Release|Any CPU = Release|Any CPU
	EndGlobalSection
	GlobalSection(ProjectConfigurationPlatforms) = postSolution
		{EF8753FB-F181-49F3-BB29-FA9EA6CEC297}.Debug|Any CPU.ActiveCfg = Debug|Any CPU
		{EF8753FB-F181-49F3-BB29-FA9EA6CEC297}.Debug|Any CPU.Build.0 = Debug|Any CPU
		{EF8753FB-F181-49F3-BB29-FA9EA6CEC297}.Release|Any CPU.ActiveCfg = Release|Any CPU
		{EF8753FB-F181-49F3-BB29-FA9EA6CEC297}.Release|Any CPU.Build.0 = Release|Any CPU
	EndGlobalSection
	GlobalSection(SolutionProperties) = preSolution
		HideSolutionNode = FALSE
	EndGlobalSection
	GlobalSection(ExtensibilityGlobals) = postSolution
		SolutionGuid = {8E6D5165-8D1A-4FCA-8B92-14BDF9A9988B}
	EndGlobalSection
EndGlobal
